<?xml version="1.0" encoding="utf-8"?>
<Project ToolsVersion="4.0" xmlns="http://schemas.microsoft.com/developer/msbuild/2003">
  <ItemGroup>
    <Filter Include="源文件">
      <UniqueIdentifier>{4FC737F1-C7A5-4376-A066-2A32D752A2FF}</UniqueIdentifier>
      <Extensions>cpp;c;cc;cxx;def;odl;idl;hpj;bat;asm;asmx</Extensions>
    </Filter>
    <Filter Include="头文件">
      <UniqueIdentifier>{93995380-89BD-4b04-88EB-625FBE52EBFB}</UniqueIdentifier>
      <Extensions>h;hh;hpp;hxx;hm;inl;inc;xsd</Extensions>
    </Filter>
    <Filter Include="资源文件">
      <UniqueIdentifier>{67DA6AB6-F800-4c08-8B7A-83BB121AAD01}</UniqueIdentifier>
      <Extensions>rc;ico;cur;bmp;dlg;rc2;rct;bin;rgs;gif;jpg;jpeg;jpe;resx;tiff;tif;png;wav;mfcribbon-ms</Extensions>
    </Filter>
    <Filter Include="theme">
      <UniqueIdentifier>{f3d4aaae-34c9-4943-bfd5-3529e6b28d38}</UniqueIdentifier>
    </Filter>
    <Filter Include="theme\texture">
      <UniqueIdentifier>{e01cec04-69ef-498e-bf77-46338de1f37a}</UniqueIdentifier>
    </Filter>
    <Filter Include="theme\enviroment">
      <UniqueIdentifier>{30c6c25f-d5bd-4eb4-82bd-ab19a4fd5fee}</UniqueIdentifier>
    </Filter>
    <Filter Include="theme\utils">
      <UniqueIdentifier>{a8836e94-523c-4eb5-be69-ab6b072eed80}</UniqueIdentifier>
    </Filter>
  </ItemGroup>
  <ItemGroup>
    <Text Include="ReadMe.txt" />
  </ItemGroup>
  <ItemGroup>
    <ClInclude Include="stdafx.h">
      <Filter>头文件</Filter>
    </ClInclude>
    <ClInclude Include="targetver.h">
      <Filter>头文件</Filter>
    </ClInclude>
    <ClInclude Include="Resource.h">
      <Filter>头文件</Filter>
    </ClInclude>
    <ClInclude Include="GlMainApp.h">
      <Filter>头文件</Filter>
    </ClInclude>
    <ClInclude Include="GLEnv.hpp">
      <Filter>头文件</Filter>
    </ClInclude>
    <ClInclude Include="MainWnd.hpp">
      <Filter>头文件</Filter>
    </ClInclude>
    <ClInclude Include="AppManager.hpp">
      <Filter>头文件</Filter>
    </ClInclude>
    <ClInclude Include="mconfig.hpp">
      <Filter>头文件</Filter>
    </ClInclude>
    <ClInclude Include="keyStatus.hpp">
      <Filter>头文件</Filter>
    </ClInclude>
    <ClInclude Include="Tex.hpp">
      <Filter>theme\texture</Filter>
    </ClInclude>
    <ClInclude Include="EnvConfig.hpp">
      <Filter>theme\enviroment</Filter>
    </ClInclude>
    <ClInclude Include="Impl.hpp">
      <Filter>theme</Filter>
    </ClInclude>
    <ClInclude Include="Base.hpp">
      <Filter>theme\utils</Filter>
    </ClInclude>
  </ItemGroup>
  <ItemGroup>
    <ClCompile Include="stdafx.cpp">
      <Filter>源文件</Filter>
    </ClCompile>
    <ClCompile Include="GlMainApp.cpp">
      <Filter>源文件</Filter>
    </ClCompile>
    <ClCompile Include="GLEnv.cpp">
      <Filter>源文件</Filter>
    </ClCompile>
    <ClCompile Include="MainWnd.cpp">
      <Filter>源文件</Filter>
    </ClCompile>
    <ClCompile Include="AppManager.cpp">
      <Filter>源文件</Filter>
    </ClCompile>
    <ClCompile Include="material.cpp">
      <Filter>theme</Filter>
    </ClCompile>
    <ClCompile Include="light.cpp">
      <Filter>theme</Filter>
    </ClCompile>
    <ClCompile Include="keyStatus.cpp">
      <Filter>源文件</Filter>
    </ClCompile>
    <ClCompile Include="cube.cpp">
      <Filter>theme</Filter>
    </ClCompile>
    <ClCompile Include="displayList.cpp">
      <Filter>theme</Filter>
    </ClCompile>
    <ClCompile Include="Tex.cpp">
      <Filter>theme\texture</Filter>
    </ClCompile>
    <ClCompile Include="Texture.cpp">
      <Filter>theme</Filter>
    </ClCompile>
    <ClCompile Include="Antialiasing.cpp">
      <Filter>theme</Filter>
    </ClCompile>
    <ClCompile Include="Fog.cpp">
      <Filter>theme</Filter>
    </ClCompile>
    <ClCompile Include="EnvConfig.cpp">
      <Filter>theme\enviroment</Filter>
    </ClCompile>
    <ClCompile Include="Base.cpp">
      <Filter>theme\utils</Filter>
    </ClCompile>
  </ItemGroup>
  <ItemGroup>
    <ResourceCompile Include="GlMainApp.rc">
      <Filter>资源文件</Filter>
    </ResourceCompile>
  </ItemGroup>
  <ItemGroup>
    <Image Include="small.ico">
      <Filter>资源文件</Filter>
    </Image>
    <Image Include="GlMainApp.ico">
      <Filter>资源文件</Filter>
    </Image>
  </ItemGroup>
</Project>